
Microsoft Visual Studio Solution File, Format Version 12.00
# Visual Studio Version 17
VisualStudioVersion = 17.3.32929.385
MinimumVisualStudioVersion = 10.0.40219.1
Project("{FAE04EC0-301F-11D3-BF4B-00C04F79EFBC}") = "111-1HW4", "111-1HW4\111-1HW4.csproj", "{B7C0904E-6C21-42BF-BEC9-1CBAFCA48D1F}"
EndProject
Global
	GlobalSection(SolutionConfigurationPlatforms) = preSolution
		Debug|Any CPU = Debug|Any CPU
		Release|Any CPU = Release|Any CPU
	EndGlobalSection
	GlobalSection(ProjectConfigurationPlatforms) = postSolution
		{B7C0904E-6C21-42BF-BEC9-1CBAFCA48D1F}.Debug|Any CPU.ActiveCfg = Debug|Any CPU
		{B7C0904E-6C21-42BF-BEC9-1CBAFCA48D1F}.Debug|Any CPU.Build.0 = Debug|Any CPU
		{B7C0904E-6C21-42BF-BEC9-1CBAFCA48D1F}.Release|Any CPU.ActiveCfg = Release|Any CPU
		{B7C0904E-6C21-42BF-BEC9-1CBAFCA48D1F}.Release|Any CPU.Build.0 = Release|Any CPU
	EndGlobalSection
	GlobalSection(SolutionProperties) = preSolution
		HideSolutionNode = FALSE
	EndGlobalSection
	GlobalSection(ExtensibilityGlobals) = postSolution
		SolutionGuid = {B57C2559-69B9-474F-B151-442D0D0C518C}
	EndGlobalSection
EndGlobal
